
Microsoft Visual Studio Solution File, Format Version 12.00
# Visual Studio 15
Project("{FAE04EC0-301F-11D3-BF4B-00C04F79EFBC}") = "VuforiaScripts", "VuforiaScripts.csproj", "{1C6A8717-C7D7-1C41-E26A-5E4300EA2B68}"
EndProject
Project("{FAE04EC0-301F-11D3-BF4B-00C04F79EFBC}") = "Assembly-CSharp", "Assembly-CSharp.csproj", "{BE777D95-1A20-C867-7DFB-F2D1225181FB}"
EndProject
Project("{FAE04EC0-301F-11D3-BF4B-00C04F79EFBC}") = "VuforiaEditorScripts", "VuforiaEditorScripts.csproj", "{B001E0EA-D0AE-CB2F-FE1E-1E200803B4F9}"
EndProject
Global
	GlobalSection(SolutionConfigurationPlatforms) = preSolution
		Debug|Any CPU = Debug|Any CPU
		Release|Any CPU = Release|Any CPU
	EndGlobalSection
	GlobalSection(ProjectConfigurationPlatforms) = postSolution
		{1C6A8717-C7D7-1C41-E26A-5E4300EA2B68}.Debug|Any CPU.ActiveCfg = Debug|Any CPU
		{1C6A8717-C7D7-1C41-E26A-5E4300EA2B68}.Debug|Any CPU.Build.0 = Debug|Any CPU
		{1C6A8717-C7D7-1C41-E26A-5E4300EA2B68}.Release|Any CPU.ActiveCfg = Release|Any CPU
		{1C6A8717-C7D7-1C41-E26A-5E4300EA2B68}.Release|Any CPU.Build.0 = Release|Any CPU
		{BE777D95-1A20-C867-7DFB-F2D1225181FB}.Debug|Any CPU.ActiveCfg = Debug|Any CPU
		{BE777D95-1A20-C867-7DFB-F2D1225181FB}.Debug|Any CPU.Build.0 = Debug|Any CPU
		{BE777D95-1A20-C867-7DFB-F2D1225181FB}.Release|Any CPU.ActiveCfg = Release|Any CPU
		{BE777D95-1A20-C867-7DFB-F2D1225181FB}.Release|Any CPU.Build.0 = Release|Any CPU
		{B001E0EA-D0AE-CB2F-FE1E-1E200803B4F9}.Debug|Any CPU.ActiveCfg = Debug|Any CPU
		{B001E0EA-D0AE-CB2F-FE1E-1E200803B4F9}.Debug|Any CPU.Build.0 = Debug|Any CPU
		{B001E0EA-D0AE-CB2F-FE1E-1E200803B4F9}.Release|Any CPU.ActiveCfg = Release|Any CPU
		{B001E0EA-D0AE-CB2F-FE1E-1E200803B4F9}.Release|Any CPU.Build.0 = Release|Any CPU
	EndGlobalSection
	GlobalSection(SolutionProperties) = preSolution
		HideSolutionNode = FALSE
	EndGlobalSection
EndGlobal
